{
  "name": "WakaTime",
  "version": "1.0.0",
  "lockfileVersion": 3,
  "requires": true,
  "packages": {
    "": {
      "name": "WakaTime",
      "version": "1.0.0",
      "license": "BSD-3-Clause",
      "devDependencies": {
        "@figma/plugin-typings": "^1.105.0"
      }
    },
    "node_modules/@figma/plugin-typings": {
      "version": "1.105.0",
      "resolved": "https://registry.npmjs.org/@figma/plugin-typings/-/plugin-typings-1.105.0.tgz",
      "integrity": "sha512-UpeS7TUvc4Mv9OP+RMI6GtBTKpD9EMTwsa3H1M6GPE5zTicr/PnBUrrkU52PFXqb9FeVZhMopCdPm7AXQeDa7Q==",
      "dev": true,
      "license": "MIT License"
    }
  }
}
